
Microsoft Visual Studio Solution File, Format Version 12.00
# Visual Studio Version 16
VisualStudioVersion = 16.0.30804.86
MinimumVisualStudioVersion = 10.0.40219.1
Project("{9A19103F-16F7-4668-BE54-9A1E7A4F7556}") = "BusinessLogic", "BusinessLogic\BusinessLogic.csproj", "{6283235F-6263-4A86-9991-82F2979DE9A9}"
EndProject
Project("{9A19103F-16F7-4668-BE54-9A1E7A4F7556}") = "DatabaseImplement", "DatabaseImplement\DatabaseImplement.csproj", "{FAC10375-38F7-4BB5-A435-1963FCF1EF44}"
EndProject
Project("{FAE04EC0-301F-11D3-BF4B-00C04F79EFBC}") = "WebClient", "WebClient\WebClient.csproj", "{E9B3781D-788E-4FD9-A31D-4A2050402311}"
EndProject
Global
	GlobalSection(SolutionConfigurationPlatforms) = preSolution
		Debug|Any CPU = Debug|Any CPU
		Release|Any CPU = Release|Any CPU
	EndGlobalSection
	GlobalSection(ProjectConfigurationPlatforms) = postSolution
		{6283235F-6263-4A86-9991-82F2979DE9A9}.Debug|Any CPU.ActiveCfg = Debug|Any CPU
		{6283235F-6263-4A86-9991-82F2979DE9A9}.Debug|Any CPU.Build.0 = Debug|Any CPU
		{6283235F-6263-4A86-9991-82F2979DE9A9}.Release|Any CPU.ActiveCfg = Release|Any CPU
		{6283235F-6263-4A86-9991-82F2979DE9A9}.Release|Any CPU.Build.0 = Release|Any CPU
		{FAC10375-38F7-4BB5-A435-1963FCF1EF44}.Debug|Any CPU.ActiveCfg = Debug|Any CPU
		{FAC10375-38F7-4BB5-A435-1963FCF1EF44}.Debug|Any CPU.Build.0 = Debug|Any CPU
		{FAC10375-38F7-4BB5-A435-1963FCF1EF44}.Release|Any CPU.ActiveCfg = Release|Any CPU
		{FAC10375-38F7-4BB5-A435-1963FCF1EF44}.Release|Any CPU.Build.0 = Release|Any CPU
		{E9B3781D-788E-4FD9-A31D-4A2050402311}.Debug|Any CPU.ActiveCfg = Debug|Any CPU
		{E9B3781D-788E-4FD9-A31D-4A2050402311}.Debug|Any CPU.Build.0 = Debug|Any CPU
		{E9B3781D-788E-4FD9-A31D-4A2050402311}.Release|Any CPU.ActiveCfg = Release|Any CPU
		{E9B3781D-788E-4FD9-A31D-4A2050402311}.Release|Any CPU.Build.0 = Release|Any CPU
	EndGlobalSection
	GlobalSection(SolutionProperties) = preSolution
		HideSolutionNode = FALSE
	EndGlobalSection
	GlobalSection(ExtensibilityGlobals) = postSolution
		SolutionGuid = {3E3993FD-FEA7-4F5E-99C9-223739C0863C}
	EndGlobalSection
EndGlobal
